// !$*UTF8*$!
{
	archiveVersion = 1;
	classes = {
	};
	objectVersion = 56;
	objects = {

/* Begin PBXBuildFile section */
		BBDA623A29FC9A4C00BA07EA /* AppDelegate.swift in Sources */ = {isa = PBXBuildFile; fileRef = BBDA623929FC9A4C00BA07EA /* AppDelegate.swift */; };
		BBDA623C29FC9A4C00BA07EA /* SceneDelegate.swift in Sources */ = {isa = PBXBuildFile; fileRef = BBDA623B29FC9A4C00BA07EA /* SceneDelegate.swift */; };
		BBDA623E29FC9A4C00BA07EA /* ViewController.swift in Sources */ = {isa = PBXBuildFile; fileRef = BBDA623D29FC9A4C00BA07EA /* ViewController.swift */; };
		BBDA624129FC9A4C00BA07EA /* Main.storyboard in Resources */ = {isa = PBXBuildFile; fileRef = BBDA623F29FC9A4C00BA07EA /* Main.storyboard */; };
		BBDA624329FC9A4C00BA07EA /* Assets.xcassets in Resources */ = {isa = PBXBuildFile; fileRef = BBDA624229FC9A4C00BA07EA /* Assets.xcassets */; };
		BBDA624629FC9A4C00BA07EA /* LaunchScreen.storyboard in Resources */ = {isa = PBXBuildFile; fileRef = BBDA624429FC9A4C00BA07EA /* LaunchScreen.storyboard */; };
		BBDA625129FC9A4D00BA07EA /* Project39Tests.swift in Sources */ = {isa = PBXBuildFile; fileRef = BBDA625029FC9A4D00BA07EA /* Project39Tests.swift */; };
		BBDA625B29FC9A4D00BA07EA /* Project39UITests.swift in Sources */ = {isa = PBXBuildFile; fileRef = BBDA625A29FC9A4D00BA07EA /* Project39UITests.swift */; };
		BBDA625D29FC9A4D00BA07EA /* Project39UITestsLaunchTests.swift in Sources */ = {isa = PBXBuildFile; fileRef = BBDA625C29FC9A4D00BA07EA /* Project39UITestsLaunchTests.swift */; };
/* End PBXBuildFile section */

/* Begin PBXContainerItemProxy section */
		BBDA624D29FC9A4D00BA07EA /* PBXContainerItemProxy */ = {
			isa = PBXContainerItemProxy;
			containerPortal = BBDA622E29FC9A4C00BA07EA /* Project object */;
			proxyType = 1;
			remoteGlobalIDString = BBDA623529FC9A4C00BA07EA;
			remoteInfo = Project39;
		};
		BBDA625729FC9A4D00BA07EA /* PBXContainerItemProxy */ = {
			isa = PBXContainerItemProxy;
			containerPortal = BBDA622E29FC9A4C00BA07EA /* Project object */;
			proxyType = 1;
			remoteGlobalIDString = BBDA623529FC9A4C00BA07EA;
			remoteInfo = Project39;
		};
/* End PBXContainerItemProxy section */

/* Begin PBXFileReference section */
		BBDA623629FC9A4C00BA07EA /* Project39.app */ = {isa = PBXFileReference; explicitFileType = wrapper.application; includeInIndex = 0; path = Project39.app; sourceTree = BUILT_PRODUCTS_DIR; };
		BBDA623929FC9A4C00BA07EA /* AppDelegate.swift */ = {isa = PBXFileReference; lastKnownFileType = sourcecode.swift; path = AppDelegate.swift; sourceTree = "<group>"; };
		BBDA623B29FC9A4C00BA07EA /* SceneDelegate.swift */ = {isa = PBXFileReference; lastKnownFileType = sourcecode.swift; path = SceneDelegate.swift; sourceTree = "<group>"; };
		BBDA623D29FC9A4C00BA07EA /* ViewController.swift */ = {isa = PBXFileReference; lastKnownFileType = sourcecode.swift; path = ViewController.swift; sourceTree = "<group>"; };
		BBDA624029FC9A4C00BA07EA /* Base */ = {isa = PBXFileReference; lastKnownFileType = file.storyboard; name = Base; path = Base.lproj/Main.storyboard; sourceTree = "<group>"; };
		BBDA624229FC9A4C00BA07EA /* Assets.xcassets */ = {isa = PBXFileReference; lastKnownFileType = folder.assetcatalog; path = Assets.xcassets; sourceTree = "<group>"; };
		BBDA624529FC9A4C00BA07EA /* Base */ = {isa = PBXFileReference; lastKnownFileType = file.storyboard; name = Base; path = Base.lproj/LaunchScreen.storyboard; sourceTree = "<group>"; };
		BBDA624729FC9A4C00BA07EA /* Info.plist */ = {isa = PBXFileReference; lastKnownFileType = text.plist.xml; path = Info.plist; sourceTree = "<group>"; };
		BBDA624C29FC9A4D00BA07EA /* Project39Tests.xctest */ = {isa = PBXFileReference; explicitFileType = wrapper.cfbundle; includeInIndex = 0; path = Project39Tests.xctest; sourceTree = BUILT_PRODUCTS_DIR; };
		BBDA625029FC9A4D00BA07EA /* Project39Tests.swift */ = {isa = PBXFileReference; lastKnownFileType = sourcecode.swift; path = Project39Tests.swift; sourceTree = "<group>"; };
		BBDA625629FC9A4D00BA07EA /* Project39UITests.xctest */ = {isa = PBXFileReference; explicitFileType = wrapper.cfbundle; includeInIndex = 0; path = Project39UITests.xctest; sourceTree = BUILT_PRODUCTS_DIR; };
		BBDA625A29FC9A4D00BA07EA /* Project39UITests.swift */ = {isa = PBXFileReference; lastKnownFileType = sourcecode.swift; path = Project39UITests.swift; sourceTree = "<group>"; };
		BBDA625C29FC9A4D00BA07EA /* Project39UITestsLaunchTests.swift */ = {isa = PBXFileReference; lastKnownFileType = sourcecode.swift; path = Project39UITestsLaunchTests.swift; sourceTree = "<group>"; };
/* End PBXFileReference section */

/* Begin PBXFrameworksBuildPhase section */
		BBDA623329FC9A4C00BA07EA /* Frameworks */ = {
			isa = PBXFrameworksBuildPhase;
			buildActionMask = 2147483647;
			files = (
			);
			runOnlyForDeploymentPostprocessing = 0;
		};
		BBDA624929FC9A4D00BA07EA /* Frameworks */ = {
			isa = PBXFrameworksBuildPhase;
			buildActionMask = 2147483647;
			files = (
			);
			runOnlyForDeploymentPostprocessing = 0;
		};
		BBDA625329FC9A4D00BA07EA /* Frameworks */ = {
			isa = PBXFrameworksBuildPhase;
			buildActionMask = 2147483647;
			files = (
			);
			runOnlyForDeploymentPostprocessing = 0;
		};
/* End PBXFrameworksBuildPhase section */

/* Begin PBXGroup section */
		BBDA622D29FC9A4C00BA07EA = {
			isa = PBXGroup;
			children = (
				BBDA623829FC9A4C00BA07EA /* Project39 */,
				BBDA624F29FC9A4D00BA07EA /* Project39Tests */,
				BBDA625929FC9A4D00BA07EA /* Project39UITests */,
				BBDA623729FC9A4C00BA07EA /* Products */,
			);
			sourceTree = "<group>";
		};
		BBDA623729FC9A4C00BA07EA /* Products */ = {
			isa = PBXGroup;
			children = (
				BBDA623629FC9A4C00BA07EA /* Project39.app */,
				BBDA624C29FC9A4D00BA07EA /* Project39Tests.xctest */,
				BBDA625629FC9A4D00BA07EA /* Project39UITests.xctest */,
			);
			name = Products;
			sourceTree = "<group>";
		};
		BBDA623829FC9A4C00BA07EA /* Project39 */ = {
			isa = PBXGroup;
			children = (
				BBDA623929FC9A4C00BA07EA /* AppDelegate.swift */,
				BBDA623B29FC9A4C00BA07EA /* SceneDelegate.swift */,
				BBDA623D29FC9A4C00BA07EA /* ViewController.swift */,
				BBDA623F29FC9A4C00BA07EA /* Main.storyboard */,
				BBDA624229FC9A4C00BA07EA /* Assets.xcassets */,
				BBDA624429FC9A4C00BA07EA /* LaunchScreen.storyboard */,
				BBDA624729FC9A4C00BA07EA /* Info.plist */,
			);
			path = Project39;
			sourceTree = "<group>";
		};
		BBDA624F29FC9A4D00BA07EA /* Project39Tests */ = {
			isa = PBXGroup;
			children = (
				BBDA625029FC9A4D00BA07EA /* Project39Tests.swift */,
			);
			path = Project39Tests;
			sourceTree = "<group>";
		};
		BBDA625929FC9A4D00BA07EA /* Project39UITests */ = {
			isa = PBXGroup;
			children = (
				BBDA625A29FC9A4D00BA07EA /* Project39UITests.swift */,
				BBDA625C29FC9A4D00BA07EA /* Project39UITestsLaunchTests.swift */,
			);
			path = Project39UITests;
			sourceTree = "<group>";
		};
/* End PBXGroup section */

/* Begin PBXNativeTarget section */
		BBDA623529FC9A4C00BA07EA /* Project39 */ = {
			isa = PBXNativeTarget;
			buildConfigurationList = BBDA626029FC9A4D00BA07EA /* Build configuration list for PBXNativeTarget "Project39" */;
			buildPhases = (
				BBDA623229FC9A4C00BA07EA /* Sources */,
				BBDA623329FC9A4C00BA07EA /* Frameworks */,
				BBDA623429FC9A4C00BA07EA /* Resources */,
			);
			buildRules = (
			);
			dependencies = (
			);
			name = Project39;
			productName = Project39;
			productReference = BBDA623629FC9A4C00BA07EA /* Project39.app */;
			productType = "com.apple.product-type.application";
		};
		BBDA624B29FC9A4D00BA07EA /* Project39Tests */ = {
			isa = PBXNativeTarget;
			buildConfigurationList = BBDA626329FC9A4D00BA07EA /* Build configuration list for PBXNativeTarget "Project39Tests" */;
			buildPhases = (
				BBDA624829FC9A4D00BA07EA /* Sources */,
				BBDA624929FC9A4D00BA07EA /* Frameworks */,
				BBDA624A29FC9A4D00BA07EA /* Resources */,
			);
			buildRules = (
			);
			dependencies = (
				BBDA624E29FC9A4D00BA07EA /* PBXTargetDependency */,
			);
			name = Project39Tests;
			productName = Project39Tests;
			productReference = BBDA624C29FC9A4D00BA07EA /* Project39Tests.xctest */;
			productType = "com.apple.product-type.bundle.unit-test";
		};
		BBDA625529FC9A4D00BA07EA /* Project39UITests */ = {
			isa = PBXNativeTarget;
			buildConfigurationList = BBDA626629FC9A4D00BA07EA /* Build configuration list for PBXNativeTarget "Project39UITests" */;
			buildPhases = (
				BBDA625229FC9A4D00BA07EA /* Sources */,
				BBDA625329FC9A4D00BA07EA /* Frameworks */,
				BBDA625429FC9A4D00BA07EA /* Resources */,
			);
			buildRules = (
			);
			dependencies = (
				BBDA625829FC9A4D00BA07EA /* PBXTargetDependency */,
			);
			name = Project39UITests;
			productName = Project39UITests;
			productReference = BBDA625629FC9A4D00BA07EA /* Project39UITests.xctest */;
			productType = "com.apple.product-type.bundle.ui-testing";
		};
/* End PBXNativeTarget section */

/* Begin PBXProject section */
		BBDA622E29FC9A4C00BA07EA /* Project object */ = {
			isa = PBXProject;
			attributes = {
				BuildIndependentTargetsInParallel = 1;
				LastSwiftUpdateCheck = 1420;
				LastUpgradeCheck = 1420;
				TargetAttributes = {
					BBDA623529FC9A4C00BA07EA = {
						CreatedOnToolsVersion = 14.2;
					};
					BBDA624B29FC9A4D00BA07EA = {
						CreatedOnToolsVersion = 14.2;
						TestTargetID = BBDA623529FC9A4C00BA07EA;
					};
					BBDA625529FC9A4D00BA07EA = {
						CreatedOnToolsVersion = 14.2;
						TestTargetID = BBDA623529FC9A4C00BA07EA;
					};
				};
			};
			buildConfigurationList = BBDA623129FC9A4C00BA07EA /* Build configuration list for PBXProject "Project39" */;
			compatibilityVersion = "Xcode 14.0";
			developmentRegion = en;
			hasScannedForEncodings = 0;
			knownRegions = (
				en,
				Base,
			);
			mainGroup = BBDA622D29FC9A4C00BA07EA;
			productRefGroup = BBDA623729FC9A4C00BA07EA /* Products */;
			projectDirPath = "";
			projectRoot = "";
			targets = (
				BBDA623529FC9A4C00BA07EA /* Project39 */,
				BBDA624B29FC9A4D00BA07EA /* Project39Tests */,
				BBDA625529FC9A4D00BA07EA /* Project39UITests */,
			);
		};
/* End PBXProject section */

/* Begin PBXResourcesBuildPhase section */
		BBDA623429FC9A4C00BA07EA /* Resources */ = {
			isa = PBXResourcesBuildPhase;
			buildActionMask = 2147483647;
			files = (
				BBDA624629FC9A4C00BA07EA /* LaunchScreen.storyboard in Resources */,
				BBDA624329FC9A4C00BA07EA /* Assets.xcassets in Resources */,
				BBDA624129FC9A4C00BA07EA /* Main.storyboard in Resources */,
			);
			runOnlyForDeploymentPostprocessing = 0;
		};
		BBDA624A29FC9A4D00BA07EA /* Resources */ = {
			isa = PBXResourcesBuildPhase;
			buildActionMask = 2147483647;
			files = (
			);
			runOnlyForDeploymentPostprocessing = 0;
		};
		BBDA625429FC9A4D00BA07EA /* Resources */ = {
			isa = PBXResourcesBuildPhase;
			buildActionMask = 2147483647;
			files = (
			);
			runOnlyForDeploymentPostprocessing = 0;
		};
/* End PBXResourcesBuildPhase section */

/* Begin PBXSourcesBuildPhase section */
		BBDA623229FC9A4C00BA07EA /* Sources */ = {
			isa = PBXSourcesBuildPhase;
			buildActionMask = 2147483647;
			files = (
				BBDA623E29FC9A4C00BA07EA /* ViewController.swift in Sources */,
				BBDA623A29FC9A4C00BA07EA /* AppDelegate.swift in Sources */,
				BBDA623C29FC9A4C00BA07EA /* SceneDelegate.swift in Sources */,
			);
			runOnlyForDeploymentPostprocessing = 0;
		};
		BBDA624829FC9A4D00BA07EA /* Sources */ = {
			isa = PBXSourcesBuildPhase;
			buildActionMask = 2147483647;
			files = (
				BBDA625129FC9A4D00BA07EA /* Project39Tests.swift in Sources */,
			);
			runOnlyForDeploymentPostprocessing = 0;
		};
		BBDA625229FC9A4D00BA07EA /* Sources */ = {
			isa = PBXSourcesBuildPhase;
			buildActionMask = 2147483647;
			files = (
				BBDA625D29FC9A4D00BA07EA /* Project39UITestsLaunchTests.swift in Sources */,
				BBDA625B29FC9A4D00BA07EA /* Project39UITests.swift in Sources */,
			);
			runOnlyForDeploymentPostprocessing = 0;
		};
/* End PBXSourcesBuildPhase section */

/* Begin PBXTargetDependency section */
		BBDA624E29FC9A4D00BA07EA /* PBXTargetDependency */ = {
			isa = PBXTargetDependency;
			target = BBDA623529FC9A4C00BA07EA /* Project39 */;
			targetProxy = BBDA624D29FC9A4D00BA07EA /* PBXContainerItemProxy */;
		};
		BBDA625829FC9A4D00BA07EA /* PBXTargetDependency */ = {
			isa = PBXTargetDependency;
			target = BBDA623529FC9A4C00BA07EA /* Project39 */;
			targetProxy = BBDA625729FC9A4D00BA07EA /* PBXContainerItemProxy */;
		};
/* End PBXTargetDependency section */

/* Begin PBXVariantGroup section */
		BBDA623F29FC9A4C00BA07EA /* Main.storyboard */ = {
			isa = PBXVariantGroup;
			children = (
				BBDA624029FC9A4C00BA07EA /* Base */,
			);
			name = Main.storyboard;
			sourceTree = "<group>";
		};
		BBDA624429FC9A4C00BA07EA /* LaunchScreen.storyboard */ = {
			isa = PBXVariantGroup;
			children = (
				BBDA624529FC9A4C00BA07EA /* Base */,
			);
			name = LaunchScreen.storyboard;
			sourceTree = "<group>";
		};
/* End PBXVariantGroup section */

/* Begin XCBuildConfiguration section */
		BBDA625E29FC9A4D00BA07EA /* Debug */ = {
			isa = XCBuildConfiguration;
			buildSettings = {
				ALWAYS_SEARCH_USER_PATHS = NO;
				CLANG_ANALYZER_NONNULL = YES;
				CLANG_ANALYZER_NUMBER_OBJECT_CONVERSION = YES_AGGRESSIVE;
				CLANG_CXX_LANGUAGE_STANDARD = "gnu++20";
				CLANG_ENABLE_MODULES = YES;
				CLANG_ENABLE_OBJC_ARC = YES;
				CLANG_ENABLE_OBJC_WEAK = YES;
				CLANG_WARN_BLOCK_CAPTURE_AUTORELEASING = YES;
				CLANG_WARN_BOOL_CONVERSION = YES;
				CLANG_WARN_COMMA = YES;
				CLANG_WARN_CONSTANT_CONVERSION = YES;
				CLANG_WARN_DEPRECATED_OBJC_IMPLEMENTATIONS = YES;
				CLANG_WARN_DIRECT_OBJC_ISA_USAGE = YES_ERROR;
				CLANG_WARN_DOCUMENTATION_COMMENTS = YES;
				CLANG_WARN_EMPTY_BODY = YES;
				CLANG_WARN_ENUM_CONVERSION = YES;
				CLANG_WARN_INFINITE_RECURSION = YES;
				CLANG_WARN_INT_CONVERSION = YES;
				CLANG_WARN_NON_LITERAL_NULL_CONVERSION = YES;
				CLANG_WARN_OBJC_IMPLICIT_RETAIN_SELF = YES;
				CLANG_WARN_OBJC_LITERAL_CONVERSION = YES;
				CLANG_WARN_OBJC_ROOT_CLASS = YES_ERROR;
				CLANG_WARN_QUOTED_INCLUDE_IN_FRAMEWORK_HEADER = YES;
				CLANG_WARN_RANGE_LOOP_ANALYSIS = YES;
				CLANG_WARN_STRICT_PROTOTYPES = YES;
				CLANG_WARN_SUSPICIOUS_MOVE = YES;
				CLANG_WARN_UNGUARDED_AVAILABILITY = YES_AGGRESSIVE;
				CLANG_WARN_UNREACHABLE_CODE = YES;
				CLANG_WARN__DUPLICATE_METHOD_MATCH = YES;
				COPY_PHASE_STRIP = NO;
				DEBUG_INFORMATION_FORMAT = dwarf;
				ENABLE_STRICT_OBJC_MSGSEND = YES;
				ENABLE_TESTABILITY = YES;
				GCC_C_LANGUAGE_STANDARD = gnu11;
				GCC_DYNAMIC_NO_PIC = NO;
				GCC_NO_COMMON_BLOCKS = YES;
				GCC_OPTIMIZATION_LEVEL = 0;
				GCC_PREPROCESSOR_DEFINITIONS = (
					"DEBUG=1",
					"$(inherited)",
				);
				GCC_WARN_64_TO_32_BIT_CONVERSION = YES;
				GCC_WARN_ABOUT_RETURN_TYPE = YES_ERROR;
				GCC_WARN_UNDECLARED_SELECTOR = YES;
				GCC_WARN_UNINITIALIZED_AUTOS = YES_AGGRESSIVE;
				GCC_WARN_UNUSED_FUNCTION = YES;
				GCC_WARN_UNUSED_VARIABLE = YES;
				IPHONEOS_DEPLOYMENT_TARGET = 16.2;
				MTL_ENABLE_DEBUG_INFO = INCLUDE_SOURCE;
				MTL_FAST_MATH = YES;
				ONLY_ACTIVE_ARCH = YES;
				SDKROOT = iphoneos;
				SWIFT_ACTIVE_COMPILATION_CONDITIONS = DEBUG;
				SWIFT_OPTIMIZATION_LEVEL = "-Onone";
			};
			name = Debug;
		};
		BBDA625F29FC9A4D00BA07EA /* Release */ = {
			isa = XCBuildConfiguration;
			buildSettings = {
				ALWAYS_SEARCH_USER_PATHS = NO;
				CLANG_ANALYZER_NONNULL = YES;
				CLANG_ANALYZER_NUMBER_OBJECT_CONVERSION = YES_AGGRESSIVE;
				CLANG_CXX_LANGUAGE_STANDARD = "gnu++20";
				CLANG_ENABLE_MODULES = YES;
				CLANG_ENABLE_OBJC_ARC = YES;
				CLANG_ENABLE_OBJC_WEAK = YES;
				CLANG_WARN_BLOCK_CAPTURE_AUTORELEASING = YES;
				CLANG_WARN_BOOL_CONVERSION = YES;
				CLANG_WARN_COMMA = YES;
				CLANG_WARN_CONSTANT_CONVERSION = YES;
				CLANG_WARN_DEPRECATED_OBJC_IMPLEMENTATIONS = YES;
				CLANG_WARN_DIRECT_OBJC_ISA_USAGE = YES_ERROR;
				CLANG_WARN_DOCUMENTATION_COMMENTS = YES;
				CLANG_WARN_EMPTY_BODY = YES;
				CLANG_WARN_ENUM_CONVERSION = YES;
				CLANG_WARN_INFINITE_RECURSION = YES;
				CLANG_WARN_INT_CONVERSION = YES;
				CLANG_WARN_NON_LITERAL_NULL_CONVERSION = YES;
				CLANG_WARN_OBJC_IMPLICIT_RETAIN_SELF = YES;
				CLANG_WARN_OBJC_LITERAL_CONVERSION = YES;
				CLANG_WARN_OBJC_ROOT_CLASS = YES_ERROR;
				CLANG_WARN_QUOTED_INCLUDE_IN_FRAMEWORK_HEADER = YES;
				CLANG_WARN_RANGE_LOOP_ANALYSIS = YES;
				CLANG_WARN_STRICT_PROTOTYPES = YES;
				CLANG_WARN_SUSPICIOUS_MOVE = YES;
				CLANG_WARN_UNGUARDED_AVAILABILITY = YES_AGGRESSIVE;
				CLANG_WARN_UNREACHABLE_CODE = YES;
				CLANG_WARN__DUPLICATE_METHOD_MATCH = YES;
				COPY_PHASE_STRIP = NO;
				DEBUG_INFORMATION_FORMAT = "dwarf-with-dsym";
				ENABLE_NS_ASSERTIONS = NO;
				ENABLE_STRICT_OBJC_MSGSEND = YES;
				GCC_C_LANGUAGE_STANDARD = gnu11;
				GCC_NO_COMMON_BLOCKS = YES;
				GCC_WARN_64_TO_32_BIT_CONVERSION = YES;
				GCC_WARN_ABOUT_RETURN_TYPE = YES_ERROR;
				GCC_WARN_UNDECLARED_SELECTOR = YES;
				GCC_WARN_UNINITIALIZED_AUTOS = YES_AGGRESSIVE;
				GCC_WARN_UNUSED_FUNCTION = YES;
				GCC_WARN_UNUSED_VARIABLE = YES;
				IPHONEOS_DEPLOYMENT_TARGET = 16.2;
				MTL_ENABLE_DEBUG_INFO = NO;
				MTL_FAST_MATH = YES;
				SDKROOT = iphoneos;
				SWIFT_COMPILATION_MODE = wholemodule;
				SWIFT_OPTIMIZATION_LEVEL = "-O";
				VALIDATE_PRODUCT = YES;
			};
			name = Release;
		};
		BBDA626129FC9A4D00BA07EA /* Debug */ = {
			isa = XCBuildConfiguration;
			buildSettings = {
				ASSETCATALOG_COMPILER_APPICON_NAME = AppIcon;
				ASSETCATALOG_COMPILER_GLOBAL_ACCENT_COLOR_NAME = AccentColor;
				CODE_SIGN_STYLE = Automatic;
				CURRENT_PROJECT_VERSION = 1;
				GENERATE_INFOPLIST_FILE = YES;
				INFOPLIST_FILE = Project39/Info.plist;
				INFOPLIST_KEY_UIApplicationSupportsIndirectInputEvents = YES;
				INFOPLIST_KEY_UILaunchStoryboardName = LaunchScreen;
				INFOPLIST_KEY_UIMainStoryboardFile = Main;
				INFOPLIST_KEY_UISupportedInterfaceOrientations_iPad = "UIInterfaceOrientationPortrait UIInterfaceOrientationPortraitUpsideDown UIInterfaceOrientationLandscapeLeft UIInterfaceOrientationLandscapeRight";
				INFOPLIST_KEY_UISupportedInterfaceOrientations_iPhone = "UIInterfaceOrientationPortrait UIInterfaceOrientationLandscapeLeft UIInterfaceOrientationLandscapeRight";
				LD_RUNPATH_SEARCH_PATHS = (
					"$(inherited)",
					"@executable_path/Frameworks",
				);
				MARKETING_VERSION = 1.0;
				PRODUCT_BUNDLE_IDENTIFIER = me.djuliarso.othman.Project39;
				PRODUCT_NAME = "$(TARGET_NAME)";
				SWIFT_EMIT_LOC_STRINGS = YES;
				SWIFT_VERSION = 5.0;
				TARGETED_DEVICE_FAMILY = "1,2";
			};
			name = Debug;
		};
		BBDA626229FC9A4D00BA07EA /* Release */ = {
			isa = XCBuildConfiguration;
			buildSettings = {
				ASSETCATALOG_COMPILER_APPICON_NAME = AppIcon;
				ASSETCATALOG_COMPILER_GLOBAL_ACCENT_COLOR_NAME = AccentColor;
				CODE_SIGN_STYLE = Automatic;
				CURRENT_PROJECT_VERSION = 1;
				GENERATE_INFOPLIST_FILE = YES;
				INFOPLIST_FILE = Project39/Info.plist;
				INFOPLIST_KEY_UIApplicationSupportsIndirectInputEvents = YES;
				INFOPLIST_KEY_UILaunchStoryboardName = LaunchScreen;
				INFOPLIST_KEY_UIMainStoryboardFile = Main;
				INFOPLIST_KEY_UISupportedInterfaceOrientations_iPad = "UIInterfaceOrientationPortrait UIInterfaceOrientationPortraitUpsideDown UIInterfaceOrientationLandscapeLeft UIInterfaceOrientationLandscapeRight";
				INFOPLIST_KEY_UISupportedInterfaceOrientations_iPhone = "UIInterfaceOrientationPortrait UIInterfaceOrientationLandscapeLeft UIInterfaceOrientationLandscapeRight";
				LD_RUNPATH_SEARCH_PATHS = (
					"$(inherited)",
					"@executable_path/Frameworks",
				);
				MARKETING_VERSION = 1.0;
				PRODUCT_BUNDLE_IDENTIFIER = me.djuliarso.othman.Project39;
				PRODUCT_NAME = "$(TARGET_NAME)";
				SWIFT_EMIT_LOC_STRINGS = YES;
				SWIFT_VERSION = 5.0;
				TARGETED_DEVICE_FAMILY = "1,2";
			};
			name = Release;
		};
		BBDA626429FC9A4D00BA07EA /* Debug */ = {
			isa = XCBuildConfiguration;
			buildSettings = {
				ALWAYS_EMBED_SWIFT_STANDARD_LIBRARIES = YES;
				BUNDLE_LOADER = "$(TEST_HOST)";
				CODE_SIGN_STYLE = Automatic;
				CURRENT_PROJECT_VERSION = 1;
				GENERATE_INFOPLIST_FILE = YES;
				IPHONEOS_DEPLOYMENT_TARGET = 16.2;
				MARKETING_VERSION = 1.0;
				PRODUCT_BUNDLE_IDENTIFIER = me.djuliarso.othman.Project39Tests;
				PRODUCT_NAME = "$(TARGET_NAME)";
				SWIFT_EMIT_LOC_STRINGS = NO;
				SWIFT_VERSION = 5.0;
				TARGETED_DEVICE_FAMILY = "1,2";
				TEST_HOST = "$(BUILT_PRODUCTS_DIR)/Project39.app/$(BUNDLE_EXECUTABLE_FOLDER_PATH)/Project39";
			};
			name = Debug;
		};
		BBDA626529FC9A4D00BA07EA /* Release */ = {
			isa = XCBuildConfiguration;
			buildSettings = {
				ALWAYS_EMBED_SWIFT_STANDARD_LIBRARIES = YES;
				BUNDLE_LOADER = "$(TEST_HOST)";
				CODE_SIGN_STYLE = Automatic;
				CURRENT_PROJECT_VERSION = 1;
				GENERATE_INFOPLIST_FILE = YES;
				IPHONEOS_DEPLOYMENT_TARGET = 16.2;
				MARKETING_VERSION = 1.0;
				PRODUCT_BUNDLE_IDENTIFIER = me.djuliarso.othman.Project39Tests;
				PRODUCT_NAME = "$(TARGET_NAME)";
				SWIFT_EMIT_LOC_STRINGS = NO;
				SWIFT_VERSION = 5.0;
				TARGETED_DEVICE_FAMILY = "1,2";
				TEST_HOST = "$(BUILT_PRODUCTS_DIR)/Project39.app/$(BUNDLE_EXECUTABLE_FOLDER_PATH)/Project39";
			};
			name = Release;
		};
		BBDA626729FC9A4D00BA07EA /* Debug */ = {
			isa = XCBuildConfiguration;
			buildSettings = {
				ALWAYS_EMBED_SWIFT_STANDARD_LIBRARIES = YES;
				CODE_SIGN_STYLE = Automatic;
				CURRENT_PROJECT_VERSION = 1;
				GENERATE_INFOPLIST_FILE = YES;
				MARKETING_VERSION = 1.0;
				PRODUCT_BUNDLE_IDENTIFIER = me.djuliarso.othman.Project39UITests;
				PRODUCT_NAME = "$(TARGET_NAME)";
				SWIFT_EMIT_LOC_STRINGS = NO;
				SWIFT_VERSION = 5.0;
				TARGETED_DEVICE_FAMILY = "1,2";
				TEST_TARGET_NAME = Project39;
			};
			name = Debug;
		};
		BBDA626829FC9A4D00BA07EA /* Release */ = {
			isa = XCBuildConfiguration;
			buildSettings = {
				ALWAYS_EMBED_SWIFT_STANDARD_LIBRARIES = YES;
				CODE_SIGN_STYLE = Automatic;
				CURRENT_PROJECT_VERSION = 1;
				GENERATE_INFOPLIST_FILE = YES;
				MARKETING_VERSION = 1.0;
				PRODUCT_BUNDLE_IDENTIFIER = me.djuliarso.othman.Project39UITests;
				PRODUCT_NAME = "$(TARGET_NAME)";
				SWIFT_EMIT_LOC_STRINGS = NO;
				SWIFT_VERSION = 5.0;
				TARGETED_DEVICE_FAMILY = "1,2";
				TEST_TARGET_NAME = Project39;
			};
			name = Release;
		};
/* End XCBuildConfiguration section */

/* Begin XCConfigurationList section */
		BBDA623129FC9A4C00BA07EA /* Build configuration list for PBXProject "Project39" */ = {
			isa = XCConfigurationList;
			buildConfigurations = (
				BBDA625E29FC9A4D00BA07EA /* Debug */,
				BBDA625F29FC9A4D00BA07EA /* Release */,
			);
			defaultConfigurationIsVisible = 0;
			defaultConfigurationName = Release;
		};
		BBDA626029FC9A4D00BA07EA /* Build configuration list for PBXNativeTarget "Project39" */ = {
			isa = XCConfigurationList;
			buildConfigurations = (
				BBDA626129FC9A4D00BA07EA /* Debug */,
				BBDA626229FC9A4D00BA07EA /* Release */,
			);
			defaultConfigurationIsVisible = 0;
			defaultConfigurationName = Release;
		};
		BBDA626329FC9A4D00BA07EA /* Build configuration list for PBXNativeTarget "Project39Tests" */ = {
			isa = XCConfigurationList;
			buildConfigurations = (
				BBDA626429FC9A4D00BA07EA /* Debug */,
				BBDA626529FC9A4D00BA07EA /* Release */,
			);
			defaultConfigurationIsVisible = 0;
			defaultConfigurationName = Release;
		};
		BBDA626629FC9A4D00BA07EA /* Build configuration list for PBXNativeTarget "Project39UITests" */ = {
			isa = XCConfigurationList;
			buildConfigurations = (
				BBDA626729FC9A4D00BA07EA /* Debug */,
				BBDA626829FC9A4D00BA07EA /* Release */,
			);
			defaultConfigurationIsVisible = 0;
			defaultConfigurationName = Release;
		};
/* End XCConfigurationList section */
	};
	rootObject = BBDA622E29FC9A4C00BA07EA /* Project object */;
}
